// !$*UTF8*$!
{
	archiveVersion = 1;
	classes = {
	};
	objectVersion = 52;
	objects = {

/* Begin PBXBuildFile section */
		080D0EAB246E715500B07CB6 /* AppDelegate.swift in Sources */ = {isa = PBXBuildFile; fileRef = 080D0EAA246E715500B07CB6 /* AppDelegate.swift */; };
		080D0EAD246E715500B07CB6 /* SceneDelegate.swift in Sources */ = {isa = PBXBuildFile; fileRef = 080D0EAC246E715500B07CB6 /* SceneDelegate.swift */; };
		080D0EAF246E715500B07CB6 /* ContentView.swift in Sources */ = {isa = PBXBuildFile; fileRef = 080D0EAE246E715500B07CB6 /* ContentView.swift */; };
		080D0EB1246E715700B07CB6 /* Assets.xcassets in Resources */ = {isa = PBXBuildFile; fileRef = 080D0EB0246E715700B07CB6 /* Assets.xcassets */; };
		080D0EB4246E715700B07CB6 /* Preview Assets.xcassets in Resources */ = {isa = PBXBuildFile; fileRef = 080D0EB3246E715700B07CB6 /* Preview Assets.xcassets */; };
		080D0EB7246E715700B07CB6 /* LaunchScreen.storyboard in Resources */ = {isa = PBXBuildFile; fileRef = 080D0EB5246E715700B07CB6 /* LaunchScreen.storyboard */; };
		080D0EC2246E715700B07CB6 /* TCAGithubSearchTests.swift in Sources */ = {isa = PBXBuildFile; fileRef = 080D0EC1246E715700B07CB6 /* TCAGithubSearchTests.swift */; };
		080D0ECE246E728D00B07CB6 /* ComposableArchitecture in Frameworks */ = {isa = PBXBuildFile; productRef = 080D0ECD246E728D00B07CB6 /* ComposableArchitecture */; };
		080D0ED0246E752600B07CB6 /* Search.swift in Sources */ = {isa = PBXBuildFile; fileRef = 080D0ECF246E752600B07CB6 /* Search.swift */; };
		080D0ED224721F1A00B07CB6 /* User.swift in Sources */ = {isa = PBXBuildFile; fileRef = 080D0ED124721F1A00B07CB6 /* User.swift */; };
		080D0ED52476111900B07CB6 /* KingfisherSwiftUI in Frameworks */ = {isa = PBXBuildFile; productRef = 080D0ED42476111900B07CB6 /* KingfisherSwiftUI */; };
/* End PBXBuildFile section */

/* Begin PBXContainerItemProxy section */
		080D0EBE246E715700B07CB6 /* PBXContainerItemProxy */ = {
			isa = PBXContainerItemProxy;
			containerPortal = 080D0E9F246E715500B07CB6 /* Project object */;
			proxyType = 1;
			remoteGlobalIDString = 080D0EA6246E715500B07CB6;
			remoteInfo = TCAGithubSearch;
		};
/* End PBXContainerItemProxy section */

/* Begin PBXFileReference section */
		080D0EA7246E715500B07CB6 /* TCAGithubSearch.app */ = {isa = PBXFileReference; explicitFileType = wrapper.application; includeInIndex = 0; path = TCAGithubSearch.app; sourceTree = BUILT_PRODUCTS_DIR; };
		080D0EAA246E715500B07CB6 /* AppDelegate.swift */ = {isa = PBXFileReference; lastKnownFileType = sourcecode.swift; path = AppDelegate.swift; sourceTree = "<group>"; };
		080D0EAC246E715500B07CB6 /* SceneDelegate.swift */ = {isa = PBXFileReference; lastKnownFileType = sourcecode.swift; path = SceneDelegate.swift; sourceTree = "<group>"; };
		080D0EAE246E715500B07CB6 /* ContentView.swift */ = {isa = PBXFileReference; lastKnownFileType = sourcecode.swift; path = ContentView.swift; sourceTree = "<group>"; };
		080D0EB0246E715700B07CB6 /* Assets.xcassets */ = {isa = PBXFileReference; lastKnownFileType = folder.assetcatalog; path = Assets.xcassets; sourceTree = "<group>"; };
		080D0EB3246E715700B07CB6 /* Preview Assets.xcassets */ = {isa = PBXFileReference; lastKnownFileType = folder.assetcatalog; path = "Preview Assets.xcassets"; sourceTree = "<group>"; };
		080D0EB6246E715700B07CB6 /* Base */ = {isa = PBXFileReference; lastKnownFileType = file.storyboard; name = Base; path = Base.lproj/LaunchScreen.storyboard; sourceTree = "<group>"; };
		080D0EB8246E715700B07CB6 /* Info.plist */ = {isa = PBXFileReference; lastKnownFileType = text.plist.xml; path = Info.plist; sourceTree = "<group>"; };
		080D0EBD246E715700B07CB6 /* TCAGithubSearchTests.xctest */ = {isa = PBXFileReference; explicitFileType = wrapper.cfbundle; includeInIndex = 0; path = TCAGithubSearchTests.xctest; sourceTree = BUILT_PRODUCTS_DIR; };
		080D0EC1246E715700B07CB6 /* TCAGithubSearchTests.swift */ = {isa = PBXFileReference; lastKnownFileType = sourcecode.swift; path = TCAGithubSearchTests.swift; sourceTree = "<group>"; };
		080D0EC3246E715700B07CB6 /* Info.plist */ = {isa = PBXFileReference; lastKnownFileType = text.plist.xml; path = Info.plist; sourceTree = "<group>"; };
		080D0ECF246E752600B07CB6 /* Search.swift */ = {isa = PBXFileReference; lastKnownFileType = sourcecode.swift; path = Search.swift; sourceTree = "<group>"; };
		080D0ED124721F1A00B07CB6 /* User.swift */ = {isa = PBXFileReference; lastKnownFileType = sourcecode.swift; path = User.swift; sourceTree = "<group>"; };
/* End PBXFileReference section */

/* Begin PBXFrameworksBuildPhase section */
		080D0EA4246E715500B07CB6 /* Frameworks */ = {
			isa = PBXFrameworksBuildPhase;
			buildActionMask = 2147483647;
			files = (
				080D0ED52476111900B07CB6 /* KingfisherSwiftUI in Frameworks */,
				080D0ECE246E728D00B07CB6 /* ComposableArchitecture in Frameworks */,
			);
			runOnlyForDeploymentPostprocessing = 0;
		};
		080D0EBA246E715700B07CB6 /* Frameworks */ = {
			isa = PBXFrameworksBuildPhase;
			buildActionMask = 2147483647;
			files = (
			);
			runOnlyForDeploymentPostprocessing = 0;
		};
/* End PBXFrameworksBuildPhase section */

/* Begin PBXGroup section */
		080D0E9E246E715500B07CB6 = {
			isa = PBXGroup;
			children = (
				080D0EA9246E715500B07CB6 /* TCAGithubSearch */,
				080D0EC0246E715700B07CB6 /* TCAGithubSearchTests */,
				080D0EA8246E715500B07CB6 /* Products */,
			);
			sourceTree = "<group>";
		};
		080D0EA8246E715500B07CB6 /* Products */ = {
			isa = PBXGroup;
			children = (
				080D0EA7246E715500B07CB6 /* TCAGithubSearch.app */,
				080D0EBD246E715700B07CB6 /* TCAGithubSearchTests.xctest */,
			);
			name = Products;
			sourceTree = "<group>";
		};
		080D0EA9246E715500B07CB6 /* TCAGithubSearch */ = {
			isa = PBXGroup;
			children = (
				080D0EAA246E715500B07CB6 /* AppDelegate.swift */,
				080D0EAC246E715500B07CB6 /* SceneDelegate.swift */,
				080D0EAE246E715500B07CB6 /* ContentView.swift */,
				080D0EB0246E715700B07CB6 /* Assets.xcassets */,
				080D0EB5246E715700B07CB6 /* LaunchScreen.storyboard */,
				080D0EB8246E715700B07CB6 /* Info.plist */,
				080D0EB2246E715700B07CB6 /* Preview Content */,
				080D0ECF246E752600B07CB6 /* Search.swift */,
				080D0ED124721F1A00B07CB6 /* User.swift */,
			);
			path = TCAGithubSearch;
			sourceTree = "<group>";
		};
		080D0EB2246E715700B07CB6 /* Preview Content */ = {
			isa = PBXGroup;
			children = (
				080D0EB3246E715700B07CB6 /* Preview Assets.xcassets */,
			);
			path = "Preview Content";
			sourceTree = "<group>";
		};
		080D0EC0246E715700B07CB6 /* TCAGithubSearchTests */ = {
			isa = PBXGroup;
			children = (
				080D0EC1246E715700B07CB6 /* TCAGithubSearchTests.swift */,
				080D0EC3246E715700B07CB6 /* Info.plist */,
			);
			path = TCAGithubSearchTests;
			sourceTree = "<group>";
		};
/* End PBXGroup section */

/* Begin PBXNativeTarget section */
		080D0EA6246E715500B07CB6 /* TCAGithubSearch */ = {
			isa = PBXNativeTarget;
			buildConfigurationList = 080D0EC6246E715700B07CB6 /* Build configuration list for PBXNativeTarget "TCAGithubSearch" */;
			buildPhases = (
				080D0EA3246E715500B07CB6 /* Sources */,
				080D0EA4246E715500B07CB6 /* Frameworks */,
				080D0EA5246E715500B07CB6 /* Resources */,
			);
			buildRules = (
			);
			dependencies = (
			);
			name = TCAGithubSearch;
			packageProductDependencies = (
				080D0ECD246E728D00B07CB6 /* ComposableArchitecture */,
				080D0ED42476111900B07CB6 /* KingfisherSwiftUI */,
			);
			productName = TCAGithubSearch;
			productReference = 080D0EA7246E715500B07CB6 /* TCAGithubSearch.app */;
			productType = "com.apple.product-type.application";
		};
		080D0EBC246E715700B07CB6 /* TCAGithubSearchTests */ = {
			isa = PBXNativeTarget;
			buildConfigurationList = 080D0EC9246E715700B07CB6 /* Build configuration list for PBXNativeTarget "TCAGithubSearchTests" */;
			buildPhases = (
				080D0EB9246E715700B07CB6 /* Sources */,
				080D0EBA246E715700B07CB6 /* Frameworks */,
				080D0EBB246E715700B07CB6 /* Resources */,
			);
			buildRules = (
			);
			dependencies = (
				080D0EBF246E715700B07CB6 /* PBXTargetDependency */,
			);
			name = TCAGithubSearchTests;
			productName = TCAGithubSearchTests;
			productReference = 080D0EBD246E715700B07CB6 /* TCAGithubSearchTests.xctest */;
			productType = "com.apple.product-type.bundle.unit-test";
		};
/* End PBXNativeTarget section */

/* Begin PBXProject section */
		080D0E9F246E715500B07CB6 /* Project object */ = {
			isa = PBXProject;
			attributes = {
				LastSwiftUpdateCheck = 1140;
				LastUpgradeCheck = 1140;
				ORGANIZATIONNAME = kangmin;
				TargetAttributes = {
					080D0EA6246E715500B07CB6 = {
						CreatedOnToolsVersion = 11.4;
					};
					080D0EBC246E715700B07CB6 = {
						CreatedOnToolsVersion = 11.4;
						TestTargetID = 080D0EA6246E715500B07CB6;
					};
				};
			};
			buildConfigurationList = 080D0EA2246E715500B07CB6 /* Build configuration list for PBXProject "TCAGithubSearch" */;
			compatibilityVersion = "Xcode 9.3";
			developmentRegion = en;
			hasScannedForEncodings = 0;
			knownRegions = (
				en,
				Base,
			);
			mainGroup = 080D0E9E246E715500B07CB6;
			packageReferences = (
				080D0ECC246E728D00B07CB6 /* XCRemoteSwiftPackageReference "swift-composable-architecture" */,
				080D0ED32476111900B07CB6 /* XCRemoteSwiftPackageReference "Kingfisher" */,
			);
			productRefGroup = 080D0EA8246E715500B07CB6 /* Products */;
			projectDirPath = "";
			projectRoot = "";
			targets = (
				080D0EA6246E715500B07CB6 /* TCAGithubSearch */,
				080D0EBC246E715700B07CB6 /* TCAGithubSearchTests */,
			);
		};
/* End PBXProject section */

/* Begin PBXResourcesBuildPhase section */
		080D0EA5246E715500B07CB6 /* Resources */ = {
			isa = PBXResourcesBuildPhase;
			buildActionMask = 2147483647;
			files = (
				080D0EB7246E715700B07CB6 /* LaunchScreen.storyboard in Resources */,
				080D0EB4246E715700B07CB6 /* Preview Assets.xcassets in Resources */,
				080D0EB1246E715700B07CB6 /* Assets.xcassets in Resources */,
			);
			runOnlyForDeploymentPostprocessing = 0;
		};
		080D0EBB246E715700B07CB6 /* Resources */ = {
			isa = PBXResourcesBuildPhase;
			buildActionMask = 2147483647;
			files = (
			);
			runOnlyForDeploymentPostprocessing = 0;
		};
/* End PBXResourcesBuildPhase section */

/* Begin PBXSourcesBuildPhase section */
		080D0EA3246E715500B07CB6 /* Sources */ = {
			isa = PBXSourcesBuildPhase;
			buildActionMask = 2147483647;
			files = (
				080D0EAB246E715500B07CB6 /* AppDelegate.swift in Sources */,
				080D0ED0246E752600B07CB6 /* Search.swift in Sources */,
				080D0EAD246E715500B07CB6 /* SceneDelegate.swift in Sources */,
				080D0ED224721F1A00B07CB6 /* User.swift in Sources */,
				080D0EAF246E715500B07CB6 /* ContentView.swift in Sources */,
			);
			runOnlyForDeploymentPostprocessing = 0;
		};
		080D0EB9246E715700B07CB6 /* Sources */ = {
			isa = PBXSourcesBuildPhase;
			buildActionMask = 2147483647;
			files = (
				080D0EC2246E715700B07CB6 /* TCAGithubSearchTests.swift in Sources */,
			);
			runOnlyForDeploymentPostprocessing = 0;
		};
/* End PBXSourcesBuildPhase section */

/* Begin PBXTargetDependency section */
		080D0EBF246E715700B07CB6 /* PBXTargetDependency */ = {
			isa = PBXTargetDependency;
			target = 080D0EA6246E715500B07CB6 /* TCAGithubSearch */;
			targetProxy = 080D0EBE246E715700B07CB6 /* PBXContainerItemProxy */;
		};
/* End PBXTargetDependency section */

/* Begin PBXVariantGroup section */
		080D0EB5246E715700B07CB6 /* LaunchScreen.storyboard */ = {
			isa = PBXVariantGroup;
			children = (
				080D0EB6246E715700B07CB6 /* Base */,
			);
			name = LaunchScreen.storyboard;
			sourceTree = "<group>";
		};
/* End PBXVariantGroup section */

/* Begin XCBuildConfiguration section */
		080D0EC4246E715700B07CB6 /* Debug */ = {
			isa = XCBuildConfiguration;
			buildSettings = {
				ALWAYS_SEARCH_USER_PATHS = NO;
				CLANG_ANALYZER_NONNULL = YES;
				CLANG_ANALYZER_NUMBER_OBJECT_CONVERSION = YES_AGGRESSIVE;
				CLANG_CXX_LANGUAGE_STANDARD = "gnu++14";
				CLANG_CXX_LIBRARY = "libc++";
				CLANG_ENABLE_MODULES = YES;
				CLANG_ENABLE_OBJC_ARC = YES;
				CLANG_ENABLE_OBJC_WEAK = YES;
				CLANG_WARN_BLOCK_CAPTURE_AUTORELEASING = YES;
				CLANG_WARN_BOOL_CONVERSION = YES;
				CLANG_WARN_COMMA = YES;
				CLANG_WARN_CONSTANT_CONVERSION = YES;
				CLANG_WARN_DEPRECATED_OBJC_IMPLEMENTATIONS = YES;
				CLANG_WARN_DIRECT_OBJC_ISA_USAGE = YES_ERROR;
				CLANG_WARN_DOCUMENTATION_COMMENTS = YES;
				CLANG_WARN_EMPTY_BODY = YES;
				CLANG_WARN_ENUM_CONVERSION = YES;
				CLANG_WARN_INFINITE_RECURSION = YES;
				CLANG_WARN_INT_CONVERSION = YES;
				CLANG_WARN_NON_LITERAL_NULL_CONVERSION = YES;
				CLANG_WARN_OBJC_IMPLICIT_RETAIN_SELF = YES;
				CLANG_WARN_OBJC_LITERAL_CONVERSION = YES;
				CLANG_WARN_OBJC_ROOT_CLASS = YES_ERROR;
				CLANG_WARN_RANGE_LOOP_ANALYSIS = YES;
				CLANG_WARN_STRICT_PROTOTYPES = YES;
				CLANG_WARN_SUSPICIOUS_MOVE = YES;
				CLANG_WARN_UNGUARDED_AVAILABILITY = YES_AGGRESSIVE;
				CLANG_WARN_UNREACHABLE_CODE = YES;
				CLANG_WARN__DUPLICATE_METHOD_MATCH = YES;
				COPY_PHASE_STRIP = NO;
				DEBUG_INFORMATION_FORMAT = dwarf;
				ENABLE_STRICT_OBJC_MSGSEND = YES;
				ENABLE_TESTABILITY = YES;
				GCC_C_LANGUAGE_STANDARD = gnu11;
				GCC_DYNAMIC_NO_PIC = NO;
				GCC_NO_COMMON_BLOCKS = YES;
				GCC_OPTIMIZATION_LEVEL = 0;
				GCC_PREPROCESSOR_DEFINITIONS = (
					"DEBUG=1",
					"$(inherited)",
				);
				GCC_WARN_64_TO_32_BIT_CONVERSION = YES;
				GCC_WARN_ABOUT_RETURN_TYPE = YES_ERROR;
				GCC_WARN_UNDECLARED_SELECTOR = YES;
				GCC_WARN_UNINITIALIZED_AUTOS = YES_AGGRESSIVE;
				GCC_WARN_UNUSED_FUNCTION = YES;
				GCC_WARN_UNUSED_VARIABLE = YES;
				IPHONEOS_DEPLOYMENT_TARGET = 13.4;
				MTL_ENABLE_DEBUG_INFO = INCLUDE_SOURCE;
				MTL_FAST_MATH = YES;
				ONLY_ACTIVE_ARCH = YES;
				SDKROOT = iphoneos;
				SWIFT_ACTIVE_COMPILATION_CONDITIONS = DEBUG;
				SWIFT_OPTIMIZATION_LEVEL = "-Onone";
			};
			name = Debug;
		};
		080D0EC5246E715700B07CB6 /* Release */ = {
			isa = XCBuildConfiguration;
			buildSettings = {
				ALWAYS_SEARCH_USER_PATHS = NO;
				CLANG_ANALYZER_NONNULL = YES;
				CLANG_ANALYZER_NUMBER_OBJECT_CONVERSION = YES_AGGRESSIVE;
				CLANG_CXX_LANGUAGE_STANDARD = "gnu++14";
				CLANG_CXX_LIBRARY = "libc++";
				CLANG_ENABLE_MODULES = YES;
				CLANG_ENABLE_OBJC_ARC = YES;
				CLANG_ENABLE_OBJC_WEAK = YES;
				CLANG_WARN_BLOCK_CAPTURE_AUTORELEASING = YES;
				CLANG_WARN_BOOL_CONVERSION = YES;
				CLANG_WARN_COMMA = YES;
				CLANG_WARN_CONSTANT_CONVERSION = YES;
				CLANG_WARN_DEPRECATED_OBJC_IMPLEMENTATIONS = YES;
				CLANG_WARN_DIRECT_OBJC_ISA_USAGE = YES_ERROR;
				CLANG_WARN_DOCUMENTATION_COMMENTS = YES;
				CLANG_WARN_EMPTY_BODY = YES;
				CLANG_WARN_ENUM_CONVERSION = YES;
				CLANG_WARN_INFINITE_RECURSION = YES;
				CLANG_WARN_INT_CONVERSION = YES;
				CLANG_WARN_NON_LITERAL_NULL_CONVERSION = YES;
				CLANG_WARN_OBJC_IMPLICIT_RETAIN_SELF = YES;
				CLANG_WARN_OBJC_LITERAL_CONVERSION = YES;
				CLANG_WARN_OBJC_ROOT_CLASS = YES_ERROR;
				CLANG_WARN_RANGE_LOOP_ANALYSIS = YES;
				CLANG_WARN_STRICT_PROTOTYPES = YES;
				CLANG_WARN_SUSPICIOUS_MOVE = YES;
				CLANG_WARN_UNGUARDED_AVAILABILITY = YES_AGGRESSIVE;
				CLANG_WARN_UNREACHABLE_CODE = YES;
				CLANG_WARN__DUPLICATE_METHOD_MATCH = YES;
				COPY_PHASE_STRIP = NO;
				DEBUG_INFORMATION_FORMAT = "dwarf-with-dsym";
				ENABLE_NS_ASSERTIONS = NO;
				ENABLE_STRICT_OBJC_MSGSEND = YES;
				GCC_C_LANGUAGE_STANDARD = gnu11;
				GCC_NO_COMMON_BLOCKS = YES;
				GCC_WARN_64_TO_32_BIT_CONVERSION = YES;
				GCC_WARN_ABOUT_RETURN_TYPE = YES_ERROR;
				GCC_WARN_UNDECLARED_SELECTOR = YES;
				GCC_WARN_UNINITIALIZED_AUTOS = YES_AGGRESSIVE;
				GCC_WARN_UNUSED_FUNCTION = YES;
				GCC_WARN_UNUSED_VARIABLE = YES;
				IPHONEOS_DEPLOYMENT_TARGET = 13.4;
				MTL_ENABLE_DEBUG_INFO = NO;
				MTL_FAST_MATH = YES;
				SDKROOT = iphoneos;
				SWIFT_COMPILATION_MODE = wholemodule;
				SWIFT_OPTIMIZATION_LEVEL = "-O";
				VALIDATE_PRODUCT = YES;
			};
			name = Release;
		};
		080D0EC7246E715700B07CB6 /* Debug */ = {
			isa = XCBuildConfiguration;
			buildSettings = {
				ASSETCATALOG_COMPILER_APPICON_NAME = AppIcon;
				CODE_SIGN_STYLE = Automatic;
				DEVELOPMENT_ASSET_PATHS = "\"TCAGithubSearch/Preview Content\"";
				DEVELOPMENT_TEAM = X3YPWX956B;
				ENABLE_PREVIEWS = YES;
				INFOPLIST_FILE = TCAGithubSearch/Info.plist;
				LD_RUNPATH_SEARCH_PATHS = (
					"$(inherited)",
					"@executable_path/Frameworks",
				);
				PRODUCT_BUNDLE_IDENTIFIER = co.kangmin.TCAGithubSearch;
				PRODUCT_NAME = "$(TARGET_NAME)";
				SWIFT_VERSION = 5.0;
				TARGETED_DEVICE_FAMILY = "1,2";
			};
			name = Debug;
		};
		080D0EC8246E715700B07CB6 /* Release */ = {
			isa = XCBuildConfiguration;
			buildSettings = {
				ASSETCATALOG_COMPILER_APPICON_NAME = AppIcon;
				CODE_SIGN_STYLE = Automatic;
				DEVELOPMENT_ASSET_PATHS = "\"TCAGithubSearch/Preview Content\"";
				DEVELOPMENT_TEAM = X3YPWX956B;
				ENABLE_PREVIEWS = YES;
				INFOPLIST_FILE = TCAGithubSearch/Info.plist;
				LD_RUNPATH_SEARCH_PATHS = (
					"$(inherited)",
					"@executable_path/Frameworks",
				);
				PRODUCT_BUNDLE_IDENTIFIER = co.kangmin.TCAGithubSearch;
				PRODUCT_NAME = "$(TARGET_NAME)";
				SWIFT_VERSION = 5.0;
				TARGETED_DEVICE_FAMILY = "1,2";
			};
			name = Release;
		};
		080D0ECA246E715700B07CB6 /* Debug */ = {
			isa = XCBuildConfiguration;
			buildSettings = {
				ALWAYS_EMBED_SWIFT_STANDARD_LIBRARIES = YES;
				BUNDLE_LOADER = "$(TEST_HOST)";
				CODE_SIGN_STYLE = Automatic;
				DEVELOPMENT_TEAM = X3YPWX956B;
				INFOPLIST_FILE = TCAGithubSearchTests/Info.plist;
				IPHONEOS_DEPLOYMENT_TARGET = 13.4;
				LD_RUNPATH_SEARCH_PATHS = (
					"$(inherited)",
					"@executable_path/Frameworks",
					"@loader_path/Frameworks",
				);
				PRODUCT_BUNDLE_IDENTIFIER = co.kangmin.TCAGithubSearchTests;
				PRODUCT_NAME = "$(TARGET_NAME)";
				SWIFT_VERSION = 5.0;
				TARGETED_DEVICE_FAMILY = "1,2";
				TEST_HOST = "$(BUILT_PRODUCTS_DIR)/TCAGithubSearch.app/TCAGithubSearch";
			};
			name = Debug;
		};
		080D0ECB246E715700B07CB6 /* Release */ = {
			isa = XCBuildConfiguration;
			buildSettings = {
				ALWAYS_EMBED_SWIFT_STANDARD_LIBRARIES = YES;
				BUNDLE_LOADER = "$(TEST_HOST)";
				CODE_SIGN_STYLE = Automatic;
				DEVELOPMENT_TEAM = X3YPWX956B;
				INFOPLIST_FILE = TCAGithubSearchTests/Info.plist;
				IPHONEOS_DEPLOYMENT_TARGET = 13.4;
				LD_RUNPATH_SEARCH_PATHS = (
					"$(inherited)",
					"@executable_path/Frameworks",
					"@loader_path/Frameworks",
				);
				PRODUCT_BUNDLE_IDENTIFIER = co.kangmin.TCAGithubSearchTests;
				PRODUCT_NAME = "$(TARGET_NAME)";
				SWIFT_VERSION = 5.0;
				TARGETED_DEVICE_FAMILY = "1,2";
				TEST_HOST = "$(BUILT_PRODUCTS_DIR)/TCAGithubSearch.app/TCAGithubSearch";
			};
			name = Release;
		};
/* End XCBuildConfiguration section */

/* Begin XCConfigurationList section */
		080D0EA2246E715500B07CB6 /* Build configuration list for PBXProject "TCAGithubSearch" */ = {
			isa = XCConfigurationList;
			buildConfigurations = (
				080D0EC4246E715700B07CB6 /* Debug */,
				080D0EC5246E715700B07CB6 /* Release */,
			);
			defaultConfigurationIsVisible = 0;
			defaultConfigurationName = Release;
		};
		080D0EC6246E715700B07CB6 /* Build configuration list for PBXNativeTarget "TCAGithubSearch" */ = {
			isa = XCConfigurationList;
			buildConfigurations = (
				080D0EC7246E715700B07CB6 /* Debug */,
				080D0EC8246E715700B07CB6 /* Release */,
			);
			defaultConfigurationIsVisible = 0;
			defaultConfigurationName = Release;
		};
		080D0EC9246E715700B07CB6 /* Build configuration list for PBXNativeTarget "TCAGithubSearchTests" */ = {
			isa = XCConfigurationList;
			buildConfigurations = (
				080D0ECA246E715700B07CB6 /* Debug */,
				080D0ECB246E715700B07CB6 /* Release */,
			);
			defaultConfigurationIsVisible = 0;
			defaultConfigurationName = Release;
		};
/* End XCConfigurationList section */

/* Begin XCRemoteSwiftPackageReference section */
		080D0ECC246E728D00B07CB6 /* XCRemoteSwiftPackageReference "swift-composable-architecture" */ = {
			isa = XCRemoteSwiftPackageReference;
			repositoryURL = "https://github.com/pointfreeco/swift-composable-architecture";
			requirement = {
				kind = upToNextMajorVersion;
				minimumVersion = 0.1.4;
			};
		};
		080D0ED32476111900B07CB6 /* XCRemoteSwiftPackageReference "Kingfisher" */ = {
			isa = XCRemoteSwiftPackageReference;
			repositoryURL = "https://github.com/onevcat/Kingfisher";
			requirement = {
				kind = upToNextMajorVersion;
				minimumVersion = 5.14.0;
			};
		};
/* End XCRemoteSwiftPackageReference section */

/* Begin XCSwiftPackageProductDependency section */
		080D0ECD246E728D00B07CB6 /* ComposableArchitecture */ = {
			isa = XCSwiftPackageProductDependency;
			package = 080D0ECC246E728D00B07CB6 /* XCRemoteSwiftPackageReference "swift-composable-architecture" */;
			productName = ComposableArchitecture;
		};
		080D0ED42476111900B07CB6 /* KingfisherSwiftUI */ = {
			isa = XCSwiftPackageProductDependency;
			package = 080D0ED32476111900B07CB6 /* XCRemoteSwiftPackageReference "Kingfisher" */;
			productName = KingfisherSwiftUI;
		};
/* End XCSwiftPackageProductDependency section */
	};
	rootObject = 080D0E9F246E715500B07CB6 /* Project object */;
}
